{
    "_meta": {
        "hash": {
            "sha256": "f72072986e4d05423f36d34849b4a1e9da8e21e3fa9745d0c4ede45cf2eb4445"
        },
        "pipfile-spec": 6,
        "requires": {
            "python_version": "3.8"
        },
        "sources": [
            {
                "name": "pypi",
                "url": "https://pypi.org/simple",
                "verify_ssl": true
            }
        ]
    },
    "default": {},
    "develop": {}
}
